
Microsoft Visual Studio Solution File, Format Version 12.00
# Visual Studio Version 16
VisualStudioVersion = 16.0.31005.135
MinimumVisualStudioVersion = 10.0.40219.1
Project("{FAE04EC0-301F-11D3-BF4B-00C04F79EFBC}") = "BookStore.Client", "BookStore\BookStore.Client.csproj", "{DFF40F77-E849-48DC-A763-E851B8FF1A3A}"
EndProject
Project("{9A19103F-16F7-4668-BE54-9A1E7A4F7556}") = "BookStore.BLL", "BookStoreBLL\BookStore.BLL.csproj", "{5EB22370-7E09-409D-B2B9-BB86C2289FEE}"
EndProject
Project("{9A19103F-16F7-4668-BE54-9A1E7A4F7556}") = "BookStore.DAL", "BookStoreDAL\BookStore.DAL.csproj", "{BE3B8543-0306-4CDF-B330-41501E9E0256}"
EndProject
Project("{FAE04EC0-301F-11D3-BF4B-00C04F79EFBC}") = "UnitTestProject", "UnitTestProject\UnitTestProject.csproj", "{71C5758D-2733-4874-AD71-940E5ACBF476}"
EndProject
Project("{FAE04EC0-301F-11D3-BF4B-00C04F79EFBC}") = "BookStore.ViewModel", "BookStore.ViewModel\BookStore.ViewModel.csproj", "{1B0599C7-AA99-438E-898A-EDCCA884A868}"
EndProject
Global
	GlobalSection(SolutionConfigurationPlatforms) = preSolution
		Debug|Any CPU = Debug|Any CPU
		Debug|x64 = Debug|x64
		Debug|x86 = Debug|x86
		Release|Any CPU = Release|Any CPU
		Release|x64 = Release|x64
		Release|x86 = Release|x86
	EndGlobalSection
	GlobalSection(ProjectConfigurationPlatforms) = postSolution
		{DFF40F77-E849-48DC-A763-E851B8FF1A3A}.Debug|Any CPU.ActiveCfg = Debug|x86
		{DFF40F77-E849-48DC-A763-E851B8FF1A3A}.Debug|x64.ActiveCfg = Debug|x64
		{DFF40F77-E849-48DC-A763-E851B8FF1A3A}.Debug|x64.Build.0 = Debug|x64
		{DFF40F77-E849-48DC-A763-E851B8FF1A3A}.Debug|x86.ActiveCfg = Debug|x86
		{DFF40F77-E849-48DC-A763-E851B8FF1A3A}.Debug|x86.Build.0 = Debug|x86
		{DFF40F77-E849-48DC-A763-E851B8FF1A3A}.Release|Any CPU.ActiveCfg = Release|x86
		{DFF40F77-E849-48DC-A763-E851B8FF1A3A}.Release|x64.ActiveCfg = Release|x64
		{DFF40F77-E849-48DC-A763-E851B8FF1A3A}.Release|x86.ActiveCfg = Release|x86
		{DFF40F77-E849-48DC-A763-E851B8FF1A3A}.Release|x86.Build.0 = Release|x86
		{5EB22370-7E09-409D-B2B9-BB86C2289FEE}.Debug|Any CPU.ActiveCfg = Debug|x86
		{5EB22370-7E09-409D-B2B9-BB86C2289FEE}.Debug|x64.ActiveCfg = Debug|x64
		{5EB22370-7E09-409D-B2B9-BB86C2289FEE}.Debug|x64.Build.0 = Debug|x64
		{5EB22370-7E09-409D-B2B9-BB86C2289FEE}.Debug|x86.ActiveCfg = Debug|x86
		{5EB22370-7E09-409D-B2B9-BB86C2289FEE}.Debug|x86.Build.0 = Debug|x86
		{5EB22370-7E09-409D-B2B9-BB86C2289FEE}.Release|Any CPU.ActiveCfg = Release|x86
		{5EB22370-7E09-409D-B2B9-BB86C2289FEE}.Release|x64.ActiveCfg = Release|x64
		{5EB22370-7E09-409D-B2B9-BB86C2289FEE}.Release|x64.Build.0 = Release|x64
		{5EB22370-7E09-409D-B2B9-BB86C2289FEE}.Release|x86.ActiveCfg = Release|x86
		{5EB22370-7E09-409D-B2B9-BB86C2289FEE}.Release|x86.Build.0 = Release|x86
		{BE3B8543-0306-4CDF-B330-41501E9E0256}.Debug|Any CPU.ActiveCfg = Debug|x86
		{BE3B8543-0306-4CDF-B330-41501E9E0256}.Debug|x64.ActiveCfg = Debug|x64
		{BE3B8543-0306-4CDF-B330-41501E9E0256}.Debug|x64.Build.0 = Debug|x64
		{BE3B8543-0306-4CDF-B330-41501E9E0256}.Debug|x86.ActiveCfg = Debug|x86
		{BE3B8543-0306-4CDF-B330-41501E9E0256}.Debug|x86.Build.0 = Debug|x86
		{BE3B8543-0306-4CDF-B330-41501E9E0256}.Release|Any CPU.ActiveCfg = Release|x86
		{BE3B8543-0306-4CDF-B330-41501E9E0256}.Release|x64.ActiveCfg = Release|x64
		{BE3B8543-0306-4CDF-B330-41501E9E0256}.Release|x86.ActiveCfg = Release|x86
		{BE3B8543-0306-4CDF-B330-41501E9E0256}.Release|x86.Build.0 = Release|x86
		{71C5758D-2733-4874-AD71-940E5ACBF476}.Debug|Any CPU.ActiveCfg = Debug|Any CPU
		{71C5758D-2733-4874-AD71-940E5ACBF476}.Debug|Any CPU.Build.0 = Debug|Any CPU
		{71C5758D-2733-4874-AD71-940E5ACBF476}.Debug|x64.ActiveCfg = Debug|Any CPU
		{71C5758D-2733-4874-AD71-940E5ACBF476}.Debug|x64.Build.0 = Debug|Any CPU
		{71C5758D-2733-4874-AD71-940E5ACBF476}.Debug|x86.ActiveCfg = Debug|Any CPU
		{71C5758D-2733-4874-AD71-940E5ACBF476}.Debug|x86.Build.0 = Debug|Any CPU
		{71C5758D-2733-4874-AD71-940E5ACBF476}.Release|Any CPU.ActiveCfg = Release|Any CPU
		{71C5758D-2733-4874-AD71-940E5ACBF476}.Release|Any CPU.Build.0 = Release|Any CPU
		{71C5758D-2733-4874-AD71-940E5ACBF476}.Release|x64.ActiveCfg = Release|Any CPU
		{71C5758D-2733-4874-AD71-940E5ACBF476}.Release|x64.Build.0 = Release|Any CPU
		{71C5758D-2733-4874-AD71-940E5ACBF476}.Release|x86.ActiveCfg = Release|Any CPU
		{71C5758D-2733-4874-AD71-940E5ACBF476}.Release|x86.Build.0 = Release|Any CPU
		{1B0599C7-AA99-438E-898A-EDCCA884A868}.Debug|Any CPU.ActiveCfg = Debug|Any CPU
		{1B0599C7-AA99-438E-898A-EDCCA884A868}.Debug|Any CPU.Build.0 = Debug|Any CPU
		{1B0599C7-AA99-438E-898A-EDCCA884A868}.Debug|x64.ActiveCfg = Debug|Any CPU
		{1B0599C7-AA99-438E-898A-EDCCA884A868}.Debug|x64.Build.0 = Debug|Any CPU
		{1B0599C7-AA99-438E-898A-EDCCA884A868}.Debug|x86.ActiveCfg = Debug|Any CPU
		{1B0599C7-AA99-438E-898A-EDCCA884A868}.Debug|x86.Build.0 = Debug|Any CPU
		{1B0599C7-AA99-438E-898A-EDCCA884A868}.Release|Any CPU.ActiveCfg = Release|Any CPU
		{1B0599C7-AA99-438E-898A-EDCCA884A868}.Release|Any CPU.Build.0 = Release|Any CPU
		{1B0599C7-AA99-438E-898A-EDCCA884A868}.Release|x64.ActiveCfg = Release|Any CPU
		{1B0599C7-AA99-438E-898A-EDCCA884A868}.Release|x64.Build.0 = Release|Any CPU
		{1B0599C7-AA99-438E-898A-EDCCA884A868}.Release|x86.ActiveCfg = Release|Any CPU
		{1B0599C7-AA99-438E-898A-EDCCA884A868}.Release|x86.Build.0 = Release|Any CPU
	EndGlobalSection
	GlobalSection(SolutionProperties) = preSolution
		HideSolutionNode = FALSE
	EndGlobalSection
	GlobalSection(ExtensibilityGlobals) = postSolution
		SolutionGuid = {2CD9D135-ECF4-47D6-91B5-EC3A44361B84}
	EndGlobalSection
EndGlobal
